
Microsoft Visual Studio Solution File, Format Version 11.00
# Visual Studio 2010
Project("{FAE04EC0-301F-11D3-BF4B-00C04F79EFBC}") = "Componentes", "Componentes\Componentes.csproj", "{BBB38185-FA57-440E-B8A0-4208342463FF}"
EndProject
Project("{FAE04EC0-301F-11D3-BF4B-00C04F79EFBC}") = "Geografico", "Geografico\Geografico.csproj", "{0AEFB47C-5900-4BCE-9B16-02E797D2F8C3}"
	ProjectSection(ProjectDependencies) = postProject
		{BBB38185-FA57-440E-B8A0-4208342463FF} = {BBB38185-FA57-440E-B8A0-4208342463FF}
	EndProjectSection
EndProject
Project("{FAE04EC0-301F-11D3-BF4B-00C04F79EFBC}") = "Alfanumerico", "Alfanumerico\Alfanumerico.csproj", "{78D0B592-1D5C-4B10-B7E2-680BB868AE4B}"
	ProjectSection(ProjectDependencies) = postProject
		{BBB38185-FA57-440E-B8A0-4208342463FF} = {BBB38185-FA57-440E-B8A0-4208342463FF}
	EndProjectSection
EndProject
Project("{54435603-DBB4-11D2-8724-00A0C9A8B90C}") = "Instalador_Geografico_32bits", "Instalador_Geografico_32bits\Instalador_Geografico_32bits.vdproj", "{11B53F2B-5307-4EE1-8CC8-EE6ECD340C39}"
EndProject
Project("{54435603-DBB4-11D2-8724-00A0C9A8B90C}") = "Instalador_Geografico_64bits", "Instalador_Geografico_64bits\Instalador_Geografico_64bits.vdproj", "{99139CBC-8702-497B-8887-D33925A4B159}"
EndProject
Project("{54435603-DBB4-11D2-8724-00A0C9A8B90C}") = "Instalador_Alfanumerico_32bits", "Instalador_Alfanumerico_32bits\Instalador_Alfanumerico_32bits.vdproj", "{66662DB9-9D3E-4429-96A0-23BAFDBA5EC4}"
	ProjectSection(ProjectDependencies) = postProject
		{78D0B592-1D5C-4B10-B7E2-680BB868AE4B} = {78D0B592-1D5C-4B10-B7E2-680BB868AE4B}
	EndProjectSection
EndProject
Project("{54435603-DBB4-11D2-8724-00A0C9A8B90C}") = "Instalador_Alfanumerico_64bits", "Instalador_Alfanumerico_64bits\Instalador_Alfanumerico_64bits.vdproj", "{F9BF72F9-886E-44C5-8D05-6D69C60330A1}"
	ProjectSection(ProjectDependencies) = postProject
		{78D0B592-1D5C-4B10-B7E2-680BB868AE4B} = {78D0B592-1D5C-4B10-B7E2-680BB868AE4B}
	EndProjectSection
EndProject
Global
	GlobalSection(SolutionConfigurationPlatforms) = preSolution
		Debug|Any CPU = Debug|Any CPU
		Debug|Mixed Platforms = Debug|Mixed Platforms
		Debug|x86 = Debug|x86
		Release|Any CPU = Release|Any CPU
		Release|Mixed Platforms = Release|Mixed Platforms
		Release|x86 = Release|x86
	EndGlobalSection
	GlobalSection(ProjectConfigurationPlatforms) = postSolution
		{BBB38185-FA57-440E-B8A0-4208342463FF}.Debug|Any CPU.ActiveCfg = Debug|Any CPU
		{BBB38185-FA57-440E-B8A0-4208342463FF}.Debug|Any CPU.Build.0 = Debug|Any CPU
		{BBB38185-FA57-440E-B8A0-4208342463FF}.Debug|Mixed Platforms.ActiveCfg = Debug|x86
		{BBB38185-FA57-440E-B8A0-4208342463FF}.Debug|Mixed Platforms.Build.0 = Debug|x86
		{BBB38185-FA57-440E-B8A0-4208342463FF}.Debug|x86.ActiveCfg = Debug|Any CPU
		{BBB38185-FA57-440E-B8A0-4208342463FF}.Debug|x86.Build.0 = Debug|Any CPU
		{BBB38185-FA57-440E-B8A0-4208342463FF}.Release|Any CPU.ActiveCfg = Release|Any CPU
		{BBB38185-FA57-440E-B8A0-4208342463FF}.Release|Any CPU.Build.0 = Release|Any CPU
		{BBB38185-FA57-440E-B8A0-4208342463FF}.Release|Mixed Platforms.ActiveCfg = Release|Any CPU
		{BBB38185-FA57-440E-B8A0-4208342463FF}.Release|Mixed Platforms.Build.0 = Release|Any CPU
		{BBB38185-FA57-440E-B8A0-4208342463FF}.Release|x86.ActiveCfg = Release|Any CPU
		{0AEFB47C-5900-4BCE-9B16-02E797D2F8C3}.Debug|Any CPU.ActiveCfg = Debug|Any CPU
		{0AEFB47C-5900-4BCE-9B16-02E797D2F8C3}.Debug|Any CPU.Build.0 = Debug|Any CPU
		{0AEFB47C-5900-4BCE-9B16-02E797D2F8C3}.Debug|Mixed Platforms.ActiveCfg = Debug|x86
		{0AEFB47C-5900-4BCE-9B16-02E797D2F8C3}.Debug|Mixed Platforms.Build.0 = Debug|x86
		{0AEFB47C-5900-4BCE-9B16-02E797D2F8C3}.Debug|x86.ActiveCfg = Debug|Any CPU
		{0AEFB47C-5900-4BCE-9B16-02E797D2F8C3}.Debug|x86.Build.0 = Debug|Any CPU
		{0AEFB47C-5900-4BCE-9B16-02E797D2F8C3}.Release|Any CPU.ActiveCfg = Release|Any CPU
		{0AEFB47C-5900-4BCE-9B16-02E797D2F8C3}.Release|Any CPU.Build.0 = Release|Any CPU
		{0AEFB47C-5900-4BCE-9B16-02E797D2F8C3}.Release|Mixed Platforms.ActiveCfg = Release|Any CPU
		{0AEFB47C-5900-4BCE-9B16-02E797D2F8C3}.Release|Mixed Platforms.Build.0 = Release|Any CPU
		{0AEFB47C-5900-4BCE-9B16-02E797D2F8C3}.Release|x86.ActiveCfg = Release|Any CPU
		{78D0B592-1D5C-4B10-B7E2-680BB868AE4B}.Debug|Any CPU.ActiveCfg = Debug|x86
		{78D0B592-1D5C-4B10-B7E2-680BB868AE4B}.Debug|Any CPU.Build.0 = Debug|x86
		{78D0B592-1D5C-4B10-B7E2-680BB868AE4B}.Debug|Mixed Platforms.ActiveCfg = Debug|x86
		{78D0B592-1D5C-4B10-B7E2-680BB868AE4B}.Debug|Mixed Platforms.Build.0 = Debug|x86
		{78D0B592-1D5C-4B10-B7E2-680BB868AE4B}.Debug|x86.ActiveCfg = Debug|x86
		{78D0B592-1D5C-4B10-B7E2-680BB868AE4B}.Debug|x86.Build.0 = Debug|x86
		{78D0B592-1D5C-4B10-B7E2-680BB868AE4B}.Release|Any CPU.ActiveCfg = Release|x86
		{78D0B592-1D5C-4B10-B7E2-680BB868AE4B}.Release|Mixed Platforms.ActiveCfg = Release|x86
		{78D0B592-1D5C-4B10-B7E2-680BB868AE4B}.Release|Mixed Platforms.Build.0 = Release|x86
		{78D0B592-1D5C-4B10-B7E2-680BB868AE4B}.Release|x86.ActiveCfg = Release|x86
		{78D0B592-1D5C-4B10-B7E2-680BB868AE4B}.Release|x86.Build.0 = Release|x86
		{11B53F2B-5307-4EE1-8CC8-EE6ECD340C39}.Debug|Any CPU.ActiveCfg = Debug
		{11B53F2B-5307-4EE1-8CC8-EE6ECD340C39}.Debug|Mixed Platforms.ActiveCfg = Debug
		{11B53F2B-5307-4EE1-8CC8-EE6ECD340C39}.Debug|x86.ActiveCfg = Debug
		{11B53F2B-5307-4EE1-8CC8-EE6ECD340C39}.Release|Any CPU.ActiveCfg = Release
		{11B53F2B-5307-4EE1-8CC8-EE6ECD340C39}.Release|Any CPU.Build.0 = Release
		{11B53F2B-5307-4EE1-8CC8-EE6ECD340C39}.Release|Mixed Platforms.ActiveCfg = Release
		{11B53F2B-5307-4EE1-8CC8-EE6ECD340C39}.Release|Mixed Platforms.Build.0 = Release
		{11B53F2B-5307-4EE1-8CC8-EE6ECD340C39}.Release|x86.ActiveCfg = Release
		{11B53F2B-5307-4EE1-8CC8-EE6ECD340C39}.Release|x86.Build.0 = Release
		{99139CBC-8702-497B-8887-D33925A4B159}.Debug|Any CPU.ActiveCfg = Debug
		{99139CBC-8702-497B-8887-D33925A4B159}.Debug|Mixed Platforms.ActiveCfg = Debug
		{99139CBC-8702-497B-8887-D33925A4B159}.Debug|x86.ActiveCfg = Debug
		{99139CBC-8702-497B-8887-D33925A4B159}.Release|Any CPU.ActiveCfg = Release
		{99139CBC-8702-497B-8887-D33925A4B159}.Release|Any CPU.Build.0 = Release
		{99139CBC-8702-497B-8887-D33925A4B159}.Release|Mixed Platforms.ActiveCfg = Release
		{99139CBC-8702-497B-8887-D33925A4B159}.Release|Mixed Platforms.Build.0 = Release
		{99139CBC-8702-497B-8887-D33925A4B159}.Release|x86.ActiveCfg = Release
		{99139CBC-8702-497B-8887-D33925A4B159}.Release|x86.Build.0 = Release
		{66662DB9-9D3E-4429-96A0-23BAFDBA5EC4}.Debug|Any CPU.ActiveCfg = Debug
		{66662DB9-9D3E-4429-96A0-23BAFDBA5EC4}.Debug|Mixed Platforms.ActiveCfg = Debug
		{66662DB9-9D3E-4429-96A0-23BAFDBA5EC4}.Debug|x86.ActiveCfg = Debug
		{66662DB9-9D3E-4429-96A0-23BAFDBA5EC4}.Release|Any CPU.ActiveCfg = Release
		{66662DB9-9D3E-4429-96A0-23BAFDBA5EC4}.Release|Mixed Platforms.ActiveCfg = Release
		{66662DB9-9D3E-4429-96A0-23BAFDBA5EC4}.Release|x86.ActiveCfg = Release
		{F9BF72F9-886E-44C5-8D05-6D69C60330A1}.Debug|Any CPU.ActiveCfg = Debug
		{F9BF72F9-886E-44C5-8D05-6D69C60330A1}.Debug|Mixed Platforms.ActiveCfg = Debug
		{F9BF72F9-886E-44C5-8D05-6D69C60330A1}.Debug|x86.ActiveCfg = Debug
		{F9BF72F9-886E-44C5-8D05-6D69C60330A1}.Release|Any CPU.ActiveCfg = Release
		{F9BF72F9-886E-44C5-8D05-6D69C60330A1}.Release|Mixed Platforms.ActiveCfg = Release
		{F9BF72F9-886E-44C5-8D05-6D69C60330A1}.Release|x86.ActiveCfg = Release
	EndGlobalSection
	GlobalSection(SolutionProperties) = preSolution
		HideSolutionNode = FALSE
	EndGlobalSection
EndGlobal
